
Microsoft Visual Studio Solution File, Format Version 12.00
# Visual Studio Version 17
VisualStudioVersion = 17.0.31903.59
MinimumVisualStudioVersion = 10.0.40219.1
Project("{2150E333-8FDC-42A3-9474-1A3956D46DE8}") = "Solution Items", "Solution Items", "{9B42C955-3C4F-4E59-A17C-E1919114E532}"
	ProjectSection(SolutionItems) = preProject
		.gitignore = .gitignore
		LICENSE = LICENSE
		README.md = README.md
	EndProjectSection
EndProject
Project("{2150E333-8FDC-42A3-9474-1A3956D46DE8}") = "src", "src", "{9738FE3A-8478-4DBA-A7F0-CC641EEE0375}"
EndProject
Project("{2150E333-8FDC-42A3-9474-1A3956D46DE8}") = "tests", "tests", "{15C64444-2F33-4C42-9C0B-F8081804F1A2}"
EndProject
Project("{FAE04EC0-301F-11D3-BF4B-00C04F79EFBC}") = "ApplicationCore", "src\ApplicationCore\ApplicationCore.csproj", "{66116F9A-4B07-4CE3-A7D8-EC4EFD7D8EF5}"
EndProject
Project("{FAE04EC0-301F-11D3-BF4B-00C04F79EFBC}") = "Infrastructure", "src\Infrastructure\Infrastructure.csproj", "{0D8A0FDA-18EB-4736-8760-3153658E5A8F}"
EndProject
Project("{FAE04EC0-301F-11D3-BF4B-00C04F79EFBC}") = "WebApi", "src\WebApi\WebApi.csproj", "{B8C829E6-E812-4985-AABE-12D0BCAF57DD}"
EndProject
Project("{FAE04EC0-301F-11D3-BF4B-00C04F79EFBC}") = "UnitTests", "tests\UnitTests\UnitTests.csproj", "{28321964-0601-4A9A-8CFD-FCBE2E38D28E}"
EndProject
Project("{FAE04EC0-301F-11D3-BF4B-00C04F79EFBC}") = "IntegrationTests", "tests\IntegrationTests\IntegrationTests.csproj", "{4E3AE475-BF8B-4511-A35C-4FA6F22E2657}"
EndProject
Project("{FAE04EC0-301F-11D3-BF4B-00C04F79EFBC}") = "FunctionalTests", "tests\FunctionalTests\FunctionalTests.csproj", "{54A909B4-1419-48C9-9715-E32498B36EB5}"
EndProject
Project("{FAE04EC0-301F-11D3-BF4B-00C04F79EFBC}") = "AcceptanceTests", "tests\AcceptanceTests\AcceptanceTests.csproj", "{0F8DEF5E-ED73-4337-A78F-D16D0FB5039E}"
EndProject
Global
	GlobalSection(SolutionConfigurationPlatforms) = preSolution
		Debug|Any CPU = Debug|Any CPU
		Release|Any CPU = Release|Any CPU
	EndGlobalSection
	GlobalSection(SolutionProperties) = preSolution
		HideSolutionNode = FALSE
	EndGlobalSection
	GlobalSection(NestedProjects) = preSolution
		{66116F9A-4B07-4CE3-A7D8-EC4EFD7D8EF5} = {9738FE3A-8478-4DBA-A7F0-CC641EEE0375}
		{0D8A0FDA-18EB-4736-8760-3153658E5A8F} = {9738FE3A-8478-4DBA-A7F0-CC641EEE0375}
		{B8C829E6-E812-4985-AABE-12D0BCAF57DD} = {9738FE3A-8478-4DBA-A7F0-CC641EEE0375}
		{28321964-0601-4A9A-8CFD-FCBE2E38D28E} = {15C64444-2F33-4C42-9C0B-F8081804F1A2}
		{4E3AE475-BF8B-4511-A35C-4FA6F22E2657} = {15C64444-2F33-4C42-9C0B-F8081804F1A2}
		{54A909B4-1419-48C9-9715-E32498B36EB5} = {15C64444-2F33-4C42-9C0B-F8081804F1A2}
		{0F8DEF5E-ED73-4337-A78F-D16D0FB5039E} = {15C64444-2F33-4C42-9C0B-F8081804F1A2}
	EndGlobalSection
	GlobalSection(ProjectConfigurationPlatforms) = postSolution
		{66116F9A-4B07-4CE3-A7D8-EC4EFD7D8EF5}.Debug|Any CPU.ActiveCfg = Debug|Any CPU
		{66116F9A-4B07-4CE3-A7D8-EC4EFD7D8EF5}.Debug|Any CPU.Build.0 = Debug|Any CPU
		{66116F9A-4B07-4CE3-A7D8-EC4EFD7D8EF5}.Release|Any CPU.ActiveCfg = Release|Any CPU
		{66116F9A-4B07-4CE3-A7D8-EC4EFD7D8EF5}.Release|Any CPU.Build.0 = Release|Any CPU
		{0D8A0FDA-18EB-4736-8760-3153658E5A8F}.Debug|Any CPU.ActiveCfg = Debug|Any CPU
		{0D8A0FDA-18EB-4736-8760-3153658E5A8F}.Debug|Any CPU.Build.0 = Debug|Any CPU
		{0D8A0FDA-18EB-4736-8760-3153658E5A8F}.Release|Any CPU.ActiveCfg = Release|Any CPU
		{0D8A0FDA-18EB-4736-8760-3153658E5A8F}.Release|Any CPU.Build.0 = Release|Any CPU
		{B8C829E6-E812-4985-AABE-12D0BCAF57DD}.Debug|Any CPU.ActiveCfg = Debug|Any CPU
		{B8C829E6-E812-4985-AABE-12D0BCAF57DD}.Debug|Any CPU.Build.0 = Debug|Any CPU
		{B8C829E6-E812-4985-AABE-12D0BCAF57DD}.Release|Any CPU.ActiveCfg = Release|Any CPU
		{B8C829E6-E812-4985-AABE-12D0BCAF57DD}.Release|Any CPU.Build.0 = Release|Any CPU
		{28321964-0601-4A9A-8CFD-FCBE2E38D28E}.Debug|Any CPU.ActiveCfg = Debug|Any CPU
		{28321964-0601-4A9A-8CFD-FCBE2E38D28E}.Debug|Any CPU.Build.0 = Debug|Any CPU
		{28321964-0601-4A9A-8CFD-FCBE2E38D28E}.Release|Any CPU.ActiveCfg = Release|Any CPU
		{28321964-0601-4A9A-8CFD-FCBE2E38D28E}.Release|Any CPU.Build.0 = Release|Any CPU
		{4E3AE475-BF8B-4511-A35C-4FA6F22E2657}.Debug|Any CPU.ActiveCfg = Debug|Any CPU
		{4E3AE475-BF8B-4511-A35C-4FA6F22E2657}.Debug|Any CPU.Build.0 = Debug|Any CPU
		{4E3AE475-BF8B-4511-A35C-4FA6F22E2657}.Release|Any CPU.ActiveCfg = Release|Any CPU
		{4E3AE475-BF8B-4511-A35C-4FA6F22E2657}.Release|Any CPU.Build.0 = Release|Any CPU
		{54A909B4-1419-48C9-9715-E32498B36EB5}.Debug|Any CPU.ActiveCfg = Debug|Any CPU
		{54A909B4-1419-48C9-9715-E32498B36EB5}.Debug|Any CPU.Build.0 = Debug|Any CPU
		{54A909B4-1419-48C9-9715-E32498B36EB5}.Release|Any CPU.ActiveCfg = Release|Any CPU
		{54A909B4-1419-48C9-9715-E32498B36EB5}.Release|Any CPU.Build.0 = Release|Any CPU
		{0F8DEF5E-ED73-4337-A78F-D16D0FB5039E}.Debug|Any CPU.ActiveCfg = Debug|Any CPU
		{0F8DEF5E-ED73-4337-A78F-D16D0FB5039E}.Debug|Any CPU.Build.0 = Debug|Any CPU
		{0F8DEF5E-ED73-4337-A78F-D16D0FB5039E}.Release|Any CPU.ActiveCfg = Release|Any CPU
		{0F8DEF5E-ED73-4337-A78F-D16D0FB5039E}.Release|Any CPU.Build.0 = Release|Any CPU
	EndGlobalSection
EndGlobal
